github.com/ericaro/frontmatter v0.0.0-20200210094738-46863cd917e2 h1:+dzAHE3uQKGtPxobmh43c0n8V8A7X70zqUUDzL7ePVA=
github.com/ericaro/frontmatter v0.0.0-20200210094738-46863cd917e2/go.mod h1:Xy0DdToffIGb/ZMCwM5zFgIQOrVh0cKvNABpKRJYo1w=
gopkg.in/check.v1 v0.0.0-20161208181325-20d25e280405 h1:yhCVgyC4o1eVCa2tZl7eS0r+SDo693bJlVdllGtEeKM=
gopkg.in/check.v1 v0.0.0-20161208181325-20d25e280405/go.mod h1:Co6ibVJAznAaIkqp8huTwlJQCZ016jof/cbN4VW5Yz0=
gopkg.in/yaml.v2 v2.4.0 h1:D8xgwECY7CYvx+Y2n4sBz93Jn9JRvxdiyyo8CTfuKaY=
gopkg.in/yaml.v2 v2.4.0/go.mod h1:RDklbk79AGWmwhnvt/jBztapEOGDOx6ZbXqjP6csGnQ=
